<?xml version="1.0" encoding="utf-8"?>
<Project ToolsVersion="4.0" xmlns="http://schemas.microsoft.com/developer/msbuild/2003">
  <ItemGroup>
    <Filter Include="소스 파일">
      <UniqueIdentifier>{4FC737F1-C7A5-4376-A066-2A32D752A2FF}</UniqueIdentifier>
      <Extensions>cpp;c;cc;cxx;c++;cppm;ixx;def;odl;idl;hpj;bat;asm;asmx</Extensions>
    </Filter>
    <Filter Include="헤더 파일">
      <UniqueIdentifier>{93995380-89BD-4b04-88EB-625FBE52EBFB}</UniqueIdentifier>
      <Extensions>h;hh;hpp;hxx;h++;hm;inl;inc;ipp;xsd</Extensions>
    </Filter>
    <Filter Include="리소스 파일">
      <UniqueIdentifier>{67DA6AB6-F800-4c08-8B7A-83BB121AAD01}</UniqueIdentifier>
      <Extensions>rc;ico;cur;bmp;dlg;rc2;rct;bin;rgs;gif;jpg;jpeg;jpe;resx;tiff;tif;png;wav;mfcribbon-ms</Extensions>
    </Filter>
  </ItemGroup>
  <ItemGroup>
    <ClInclude Include="Member.h">
      <Filter>헤더 파일</Filter>
    </ClInclude>
    <ClInclude Include="CompanyMember.h">
      <Filter>헤더 파일</Filter>
    </ClInclude>
    <ClInclude Include="GeneralMember.h">
      <Filter>헤더 파일</Filter>
    </ClInclude>
    <ClInclude Include="Recruitment.h">
      <Filter>헤더 파일</Filter>
    </ClInclude>
    <ClInclude Include="Recruitments.h">
      <Filter>헤더 파일</Filter>
    </ClInclude>
    <ClInclude Include="JoinControl.h">
      <Filter>헤더 파일</Filter>
    </ClInclude>
    <ClInclude Include="AddNewRecruitmentControl.h">
      <Filter>헤더 파일</Filter>
    </ClInclude>
    <ClInclude Include="ShowMyRecruitmentsControl.h">
      <Filter>헤더 파일</Filter>
    </ClInclude>
    <ClInclude Include="LogInControl.h">
      <Filter>헤더 파일</Filter>
    </ClInclude>
    <ClInclude Include="ShowRecruitmentsControl.h">
      <Filter>헤더 파일</Filter>
    </ClInclude>
    <ClInclude Include="ApplyControl.h">
      <Filter>헤더 파일</Filter>
    </ClInclude>
    <ClInclude Include="ShowApplyInfoControl.h">
      <Filter>헤더 파일</Filter>
    </ClInclude>
    <ClInclude Include="CancelApplyControl.h">
      <Filter>헤더 파일</Filter>
    </ClInclude>
    <ClInclude Include="ShowRecruitmentStatisticsControl.h">
      <Filter>헤더 파일</Filter>
    </ClInclude>
    <ClInclude Include="ShowApplyInfoStatisticsControl.h">
      <Filter>헤더 파일</Filter>
    </ClInclude>
    <ClInclude Include="WithdrawalControl.h">
      <Filter>헤더 파일</Filter>
    </ClInclude>
    <ClInclude Include="JoinUI.h">
      <Filter>헤더 파일</Filter>
    </ClInclude>
    <ClInclude Include="WithdrawalUI.h">
      <Filter>헤더 파일</Filter>
    </ClInclude>
    <ClInclude Include="LogInUI.h">
      <Filter>헤더 파일</Filter>
    </ClInclude>
    <ClInclude Include="LogOutUI.h">
      <Filter>헤더 파일</Filter>
    </ClInclude>
    <ClInclude Include="AddNewRecruitmentUI.h">
      <Filter>헤더 파일</Filter>
    </ClInclude>
    <ClInclude Include="ShowMyRecruitmentsUI.h">
      <Filter>헤더 파일</Filter>
    </ClInclude>
    <ClInclude Include="ShowRecruitmentsUI.h">
      <Filter>헤더 파일</Filter>
    </ClInclude>
    <ClInclude Include="ApplyUI.h">
      <Filter>헤더 파일</Filter>
    </ClInclude>
    <ClInclude Include="ShowApplyInfoUI.h">
      <Filter>헤더 파일</Filter>
    </ClInclude>
    <ClInclude Include="CancelApplyUI.h">
      <Filter>헤더 파일</Filter>
    </ClInclude>
    <ClInclude Include="ShowStatisticsUI.h">
      <Filter>헤더 파일</Filter>
    </ClInclude>
    <ClInclude Include="LogOutControl.h">
      <Filter>헤더 파일</Filter>
    </ClInclude>
  </ItemGroup>
  <ItemGroup>
    <ClCompile Include="main.cpp">
      <Filter>소스 파일</Filter>
    </ClCompile>
    <ClCompile Include="CompanyMember.cpp">
      <Filter>소스 파일</Filter>
    </ClCompile>
    <ClCompile Include="GeneralMember.cpp">
      <Filter>소스 파일</Filter>
    </ClCompile>
    <ClCompile Include="Recruitment.cpp">
      <Filter>소스 파일</Filter>
    </ClCompile>
    <ClCompile Include="Member.cpp">
      <Filter>소스 파일</Filter>
    </ClCompile>
    <ClCompile Include="JoinControl.cpp">
      <Filter>소스 파일</Filter>
    </ClCompile>
    <ClCompile Include="AddNewRecruitmentControl.cpp">
      <Filter>소스 파일</Filter>
    </ClCompile>
    <ClCompile Include="ShowMyRecruitmentsControl.cpp">
      <Filter>소스 파일</Filter>
    </ClCompile>
    <ClCompile Include="LogInControl.cpp">
      <Filter>소스 파일</Filter>
    </ClCompile>
    <ClCompile Include="Recruitments.cpp">
      <Filter>소스 파일</Filter>
    </ClCompile>
    <ClCompile Include="ShowRecruitmentsControl.cpp">
      <Filter>소스 파일</Filter>
    </ClCompile>
    <ClCompile Include="ApplyControl.cpp">
      <Filter>소스 파일</Filter>
    </ClCompile>
    <ClCompile Include="ShowApplyInfoControl.cpp">
      <Filter>소스 파일</Filter>
    </ClCompile>
    <ClCompile Include="CancelApplyControl.cpp">
      <Filter>소스 파일</Filter>
    </ClCompile>
    <ClCompile Include="ShowRecruitmentStatisticsControl.cpp">
      <Filter>소스 파일</Filter>
    </ClCompile>
    <ClCompile Include="ShowApplyInfoStatisticsControl.cpp">
      <Filter>소스 파일</Filter>
    </ClCompile>
    <ClCompile Include="WithdrawalControl.cpp">
      <Filter>소스 파일</Filter>
    </ClCompile>
    <ClCompile Include="JoinUI.cpp">
      <Filter>소스 파일</Filter>
    </ClCompile>
    <ClCompile Include="WithdrawalUI.cpp">
      <Filter>소스 파일</Filter>
    </ClCompile>
    <ClCompile Include="LogInUI.cpp">
      <Filter>소스 파일</Filter>
    </ClCompile>
    <ClCompile Include="LogOutUI.cpp">
      <Filter>소스 파일</Filter>
    </ClCompile>
    <ClCompile Include="AddNewRecruitmentUI.cpp">
      <Filter>소스 파일</Filter>
    </ClCompile>
    <ClCompile Include="ShowMyRecruitmentsUI.cpp">
      <Filter>소스 파일</Filter>
    </ClCompile>
    <ClCompile Include="ShowRecruitmentsUI.cpp">
      <Filter>소스 파일</Filter>
    </ClCompile>
    <ClCompile Include="ApplyUI.cpp">
      <Filter>소스 파일</Filter>
    </ClCompile>
    <ClCompile Include="ShowApplyInfoUI.cpp">
      <Filter>소스 파일</Filter>
    </ClCompile>
    <ClCompile Include="CancelApplyUI.cpp">
      <Filter>소스 파일</Filter>
    </ClCompile>
    <ClCompile Include="ShowStatisticsUI.cpp">
      <Filter>소스 파일</Filter>
    </ClCompile>
    <ClCompile Include="LogOutControl.cpp">
      <Filter>소스 파일</Filter>
    </ClCompile>
  </ItemGroup>
</Project>